lockfileVersion: '9.0'

settings:
  autoInstallPeers: false
  excludeLinksFromLockfile: false

catalogs:
  default:
    '@types/node':
      specifier: ^25.3.3
      version: 25.3.5
    tsx:
      specifier: ^4.21.0
      version: 4.21.0

overrides:
  esbuild>@esbuild/darwin-arm64: '-'
  esbuild>@esbuild/darwin-x64: '-'
  esbuild>@esbuild/freebsd-arm64: '-'
  esbuild>@esbuild/freebsd-x64: '-'
  esbuild>@esbuild/linux-arm: '-'
  esbuild>@esbuild/linux-arm64: '-'
  esbuild>@esbuild/linux-ia32: '-'
  esbuild>@esbuild/linux-loong64: '-'
  esbuild>@esbuild/linux-mips64el: '-'
  esbuild>@esbuild/linux-ppc64: '-'
  esbuild>@esbuild/linux-riscv64: '-'
  esbuild>@esbuild/linux-s390x: '-'
  esbuild>@esbuild/netbsd-arm64: '-'
  esbuild>@esbuild/netbsd-x64: '-'
  esbuild>@esbuild/openbsd-arm64: '-'
  esbuild>@esbuild/openbsd-x64: '-'
  esbuild>@esbuild/sunos-x64: '-'
  esbuild>@esbuild/win32-arm64: '-'
  esbuild>@esbuild/win32-ia32: '-'
  esbuild>@esbuild/win32-x64: '-'
  esbuild>@esbuild/aix-ppc64: '-'
  esbuild>@esbuild/android-arm: '-'
  esbuild>@esbuild/android-arm64: '-'
  esbuild>@esbuild/android-x64: '-'
  esbuild>@esbuild/openharmony-arm64: '-'
  lightningcss>lightningcss-android-arm64: '-'
  lightningcss>lightningcss-darwin-arm64: '-'
  lightningcss>lightningcss-darwin-x64: '-'
  lightningcss>lightningcss-freebsd-x64: '-'
  lightningcss>lightningcss-linux-arm-gnueabihf: '-'
  lightningcss>lightningcss-linux-arm64-gnu: '-'
  lightningcss>lightningcss-linux-arm64-musl: '-'
  lightningcss>lightningcss-linux-x64-musl: '-'
  lightningcss>lightningcss-win32-arm64-msvc: '-'
  lightningcss>lightningcss-win32-x64-msvc: '-'
  '@tailwindcss/oxide>@tailwindcss/oxide-android-arm64': '-'
  '@tailwindcss/oxide>@tailwindcss/oxide-darwin-arm64': '-'
  '@tailwindcss/oxide>@tailwindcss/oxide-darwin-x64': '-'
  '@tailwindcss/oxide>@tailwindcss/oxide-freebsd-x64': '-'
  '@tailwindcss/oxide>@tailwindcss/oxide-linux-arm-gnueabihf': '-'
  '@tailwindcss/oxide>@tailwindcss/oxide-linux-arm64-gnu': '-'
  '@tailwindcss/oxide>@tailwindcss/oxide-linux-arm64-musl': '-'
  '@tailwindcss/oxide>@tailwindcss/oxide-win32-arm64-msvc': '-'
  '@tailwindcss/oxide>@tailwindcss/oxide-win32-x64-msvc': '-'
  '@tailwindcss/oxide>@tailwindcss/oxide-linux-x64-musl': '-'
  rollup>@rollup/rollup-android-arm-eabi: '-'
  rollup>@rollup/rollup-android-arm64: '-'
  rollup>@rollup/rollup-darwin-arm64: '-'
  rollup>@rollup/rollup-darwin-x64: '-'
  rollup>@rollup/rollup-freebsd-arm64: '-'
  rollup>@rollup/rollup-freebsd-x64: '-'
  rollup>@rollup/rollup-linux-arm-gnueabihf: '-'
  rollup>@rollup/rollup-linux-arm-musleabihf: '-'
  rollup>@rollup/rollup-linux-arm64-gnu: '-'
  rollup>@rollup/rollup-linux-arm64-musl: '-'
  rollup>@rollup/rollup-linux-loong64-gnu: '-'
  rollup>@rollup/rollup-linux-loong64-musl: '-'
  rollup>@rollup/rollup-linux-ppc64-gnu: '-'
  rollup>@rollup/rollup-linux-ppc64-musl: '-'
  rollup>@rollup/rollup-linux-riscv64-gnu: '-'
  rollup>@rollup/rollup-linux-riscv64-musl: '-'
  rollup>@rollup/rollup-linux-s390x-gnu: '-'
  rollup>@rollup/rollup-linux-x64-musl: '-'
  rollup>@rollup/rollup-openbsd-x64: '-'
  rollup>@rollup/rollup-openharmony-arm64: '-'
  rollup>@rollup/rollup-win32-arm64-msvc: '-'
  rollup>@rollup/rollup-win32-ia32-msvc: '-'
  rollup>@rollup/rollup-win32-x64-gnu: '-'
  rollup>@rollup/rollup-win32-x64-msvc: '-'
  '@expo/ngrok-bin>@expo/ngrok-bin-darwin-arm64': '-'
  '@expo/ngrok-bin>@expo/ngrok-bin-darwin-x64': '-'
  '@expo/ngrok-bin>@expo/ngrok-bin-freebsd-ia32': '-'
  '@expo/ngrok-bin>@expo/ngrok-bin-freebsd-x64': '-'
  '@expo/ngrok-bin>@expo/ngrok-bin-linux-arm64': '-'
  '@expo/ngrok-bin>@expo/ngrok-bin-linux-arm': '-'
  '@expo/ngrok-bin>@expo/ngrok-bin-linux-ia32': '-'
  '@expo/ngrok-bin>@expo/ngrok-bin-sunos-x64': '-'
  '@expo/ngrok-bin>@expo/ngrok-bin-win32-ia32': '-'
  '@expo/ngrok-bin>@expo/ngrok-bin-win32-x64': '-'
  '@esbuild-kit/esm-loader': npm:tsx@^4.21.0
  esbuild: 0.27.3

importers:

  .:
    dependencies:
      '@supabase/supabase-js':
        specifier: ^2.101.1
        version: 2.101.1
    devDependencies:
      '@types/node':
        specifier: 'catalog:'
        version: 25.3.5
      tsx:
        specifier: 'catalog:'
        version: 4.21.0

packages:

  '@esbuild/linux-x64@0.27.3':
    resolution: {integrity: sha512-Czi8yzXUWIQYAtL/2y6vogER8pvcsOsk5cpwL4Gk5nJqH5UZiVByIY8Eorm5R13gq+DQKYg0+JyQoytLQas4dA==}
    engines: {node: '>=18'}
    cpu: [x64]
    os: [linux]

  '@supabase/auth-js@2.101.1':
    resolution: {integrity: sha512-Kd0Wey+RkFHgyVep7adS6UOE2pN6MJ3mZ32PAXSvfw6IjUkFRC7IQpdZZjUOcUe5pXr1ejufCRgF6lsGINe4Tw==}
    engines: {node: '>=20.0.0'}

  '@supabase/functions-js@2.101.1':
    resolution: {integrity: sha512-OZWU7YtaG+NNNFZK8p/FuJ6gpq7pFyrG2fLOopP73HAIDHDGpOttPJapvO8ADu3RkqfQfkwrB354vPkSBbZ20A==}
    engines: {node: '>=20.0.0'}

  '@supabase/phoenix@0.4.0':
    resolution: {integrity: sha512-RHSx8bHS02xwfHdAbX5Lpbo6PXbgyf7lTaXTlwtFDPwOIw64NnVRwFAXGojHhjtVYI+PEPNSWwkL90f4agN3bw==}

  '@supabase/postgrest-js@2.101.1':
    resolution: {integrity: sha512-UW1RajH5jbZoK+ldAJ1I6VZ+HWwZ2oaKjEQ6Gn+AQ67CHQVxGl8wNQoLYyumbyaExm41I+wn7arulcY1eHeZJw==}
    engines: {node: '>=20.0.0'}

  '@supabase/realtime-js@2.101.1':
    resolution: {integrity: sha512-Oa6dno0OB9I+hv5do5zsZHbFu41ViZnE9IWjmkeeF/8fPmB5fWoHGqeTYEC3/0DAgtpUoFJa4FpvzFH0SBHo1Q==}
    engines: {node: '>=20.0.0'}

  '@supabase/storage-js@2.101.1':
    resolution: {integrity: sha512-WhTaUOBgeEvnKLy95Cdlp6+D5igSF/65yC727w1olxbet5nzUvMlajKUWyzNtQu2efrz2cQ7FcdVBdQqgT9YKQ==}
    engines: {node: '>=20.0.0'}

  '@supabase/supabase-js@2.101.1':
    resolution: {integrity: sha512-Jnhm3LfuACwjIzvk2pfUbGQn7pa7hi6MFzfSyPrRYWVCCu69RPLCFyHSBl7HSBwadbQ3UZOznnD3gPca3ePrRA==}
    engines: {node: '>=20.0.0'}

  '@types/node@25.3.5':
    resolution: {integrity: sha512-oX8xrhvpiyRCQkG1MFchB09f+cXftgIXb3a7UUa4Y3wpmZPw5tyZGTLWhlESOLq1Rq6oDlc8npVU2/9xiCuXMA==}

  '@types/ws@8.18.1':
    resolution: {integrity: sha512-ThVF6DCVhA8kUGy+aazFQ4kXQ7E1Ty7A3ypFOe0IcJV8O/M511G99AW24irKrW56Wt44yG9+ij8FaqoBGkuBXg==}

  esbuild@0.27.3:
    resolution: {integrity: sha512-8VwMnyGCONIs6cWue2IdpHxHnAjzxnw2Zr7MkVxB2vjmQ2ivqGFb4LEG3SMnv0Gb2F/G/2yA8zUaiL1gywDCCg==}
    engines: {node: '>=18'}
    hasBin: true

  fsevents@2.3.3:
    resolution: {integrity: sha512-5xoDfX+fL7faATnagmWPpbFtwh/R77WmMMqqHGS65C3vvB0YHrgF+B1YmZ3441tMj5n63k0212XNoJwzlhffQw==}
    engines: {node: ^8.16.0 || ^10.6.0 || >=11.0.0}
    os: [darwin]

  get-tsconfig@4.13.6:
    resolution: {integrity: sha512-shZT/QMiSHc/YBLxxOkMtgSid5HFoauqCE3/exfsEcwg1WkeqjG+V40yBbBrsD+jW2HDXcs28xOfcbm2jI8Ddw==}

  iceberg-js@0.8.1:
    resolution: {integrity: sha512-1dhVQZXhcHje7798IVM+xoo/1ZdVfzOMIc8/rgVSijRK38EDqOJoGula9N/8ZI5RD8QTxNQtK/Gozpr+qUqRRA==}
    engines: {node: '>=20.0.0'}

  resolve-pkg-maps@1.0.0:
    resolution: {integrity: sha512-seS2Tj26TBVOC2NIc2rOe2y2ZO7efxITtLZcGSOnHHNOQ7CkiUBfw0Iw2ck6xkIhPwLhKNLS8BO+hEpngQlqzw==}

  tslib@2.8.1:
    resolution: {integrity: sha512-oJFu94HQb+KVduSUQL7wnpmqnfmLsOA/nAh6b6EH0wCEoK0/mPeXU6c3wKDV83MkOuHPRHtSXKKU99IBazS/2w==}

  tsx@4.21.0:
    resolution: {integrity: sha512-5C1sg4USs1lfG0GFb2RLXsdpXqBSEhAaA/0kPL01wxzpMqLILNxIxIOKiILz+cdg/pLnOUxFYOR5yhHU666wbw==}
    engines: {node: '>=18.0.0'}
    hasBin: true

  undici-types@7.18.2:
    resolution: {integrity: sha512-AsuCzffGHJybSaRrmr5eHr81mwJU3kjw6M+uprWvCXiNeN9SOGwQ3Jn8jb8m3Z6izVgknn1R0FTCEAP2QrLY/w==}

  ws@8.18.3:
    resolution: {integrity: sha512-PEIGCY5tSlUt50cqyMXfCzX+oOPqN0vuGqWzbcJ2xvnkzkq46oOpz7dQaTDBdfICb4N14+GARUDw2XV2N4tvzg==}
    engines: {node: '>=10.0.0'}
    peerDependencies:
      bufferutil: ^4.0.1
      utf-8-validate: '>=5.0.2'
    peerDependenciesMeta:
      bufferutil:
        optional: true
      utf-8-validate:
        optional: true

snapshots:

  '@esbuild/linux-x64@0.27.3':
    optional: true

  '@supabase/auth-js@2.101.1':
    dependencies:
      tslib: 2.8.1

  '@supabase/functions-js@2.101.1':
    dependencies:
      tslib: 2.8.1

  '@supabase/phoenix@0.4.0': {}

  '@supabase/postgrest-js@2.101.1':
    dependencies:
      tslib: 2.8.1

  '@supabase/realtime-js@2.101.1':
    dependencies:
      '@supabase/phoenix': 0.4.0
      '@types/ws': 8.18.1
      tslib: 2.8.1
      ws: 8.18.3
    transitivePeerDependencies:
      - bufferutil
      - utf-8-validate

  '@supabase/storage-js@2.101.1':
    dependencies:
      iceberg-js: 0.8.1
      tslib: 2.8.1

  '@supabase/supabase-js@2.101.1':
    dependencies:
      '@supabase/auth-js': 2.101.1
      '@supabase/functions-js': 2.101.1
      '@supabase/postgrest-js': 2.101.1
      '@supabase/realtime-js': 2.101.1
      '@supabase/storage-js': 2.101.1
    transitivePeerDependencies:
      - bufferutil
      - utf-8-validate

  '@types/node@25.3.5':
    dependencies:
      undici-types: 7.18.2

  '@types/ws@8.18.1':
    dependencies:
      '@types/node': 25.3.5

  esbuild@0.27.3:
    optionalDependencies:
      '@esbuild/linux-x64': 0.27.3

  fsevents@2.3.3:
    optional: true

  get-tsconfig@4.13.6:
    dependencies:
      resolve-pkg-maps: 1.0.0

  iceberg-js@0.8.1: {}

  resolve-pkg-maps@1.0.0: {}

  tslib@2.8.1: {}

  tsx@4.21.0:
    dependencies:
      esbuild: 0.27.3
      get-tsconfig: 4.13.6
    optionalDependencies:
      fsevents: 2.3.3

  undici-types@7.18.2: {}

  ws@8.18.3: {}
